{
  "version": 4,
  "terraform_version": "1.3.9",
  "serial": 1,
  "lineage": "2cbf1585-648c-2a0d-e0b5-74c520a9dff1",
  "outputs": {},
  "resources": [
    {
      "mode": "managed",
      "type": "aws_vpc",
      "name": "main",
      "provider": "provider[\"registry.terraform.io/hashicorp/aws\"]",
      "instances": [
        {
          "schema_version": 1,
          "attributes": {
            "arn": "arn:aws:ec2:us-east-1:785169158894:vpc/vpc-0b18f8d445b1c0864",
            "assign_generated_ipv6_cidr_block": false,
            "cidr_block": "10.0.0.0/16",
            "default_network_acl_id": "acl-09861782712caa9b5",
            "default_route_table_id": "rtb-07e87243dd7635794",
            "default_security_group_id": "sg-0f96476cb9cc14da4",
            "dhcp_options_id": "dopt-0c0c93d52d87e640e",
            "enable_dns_hostnames": true,
            "enable_dns_support": true,
            "enable_network_address_usage_metrics": false,
            "id": "vpc-0b18f8d445b1c0864",
            "instance_tenancy": "default",
            "ipv4_ipam_pool_id": null,
            "ipv4_netmask_length": null,
            "ipv6_association_id": "",
            "ipv6_cidr_block": "",
            "ipv6_cidr_block_network_border_group": "",
            "ipv6_ipam_pool_id": "",
            "ipv6_netmask_length": 0,
            "main_route_table_id": "rtb-07e87243dd7635794",
            "owner_id": "785169158894",
            "tags": {
              "Name": "tlopez-vpc",
              "env": "Dev"
            },
            "tags_all": {
              "Name": "tlopez-vpc",
              "env": "Dev"
            }
          },
          "sensitive_attributes": [],
          "private": "eyJzY2hlbWFfdmVyc2lvbiI6IjEifQ=="
        }
      ]
    }
  ],
  "check_results": null
}
